
Microsoft Visual Studio Solution File, Format Version 12.00
# Visual Studio Version 16
VisualStudioVersion = 16.0.30804.86
MinimumVisualStudioVersion = 10.0.40219.1
Project("{FAE04EC0-301F-11D3-BF4B-00C04F79EFBC}") = "MV_Project.Server", "MV_Project\Server\MV_Project.Server.csproj", "{012385CD-831C-429D-BD6E-7CA0C9F49ED5}"
EndProject
Project("{FAE04EC0-301F-11D3-BF4B-00C04F79EFBC}") = "MV_Project.Client", "MV_Project\Client\MV_Project.Client.csproj", "{5D5C7E39-45B2-4D05-9490-EB5B49B94F05}"
EndProject
Project("{FAE04EC0-301F-11D3-BF4B-00C04F79EFBC}") = "MV_Project.Shared", "MV_Project\Shared\MV_Project.Shared.csproj", "{9C81A147-1D74-4AC2-BE01-BC28ADD66F42}"
EndProject
Global
	GlobalSection(SolutionConfigurationPlatforms) = preSolution
		Debug|Any CPU = Debug|Any CPU
		Release|Any CPU = Release|Any CPU
	EndGlobalSection
	GlobalSection(ProjectConfigurationPlatforms) = postSolution
		{012385CD-831C-429D-BD6E-7CA0C9F49ED5}.Debug|Any CPU.ActiveCfg = Debug|Any CPU
		{012385CD-831C-429D-BD6E-7CA0C9F49ED5}.Debug|Any CPU.Build.0 = Debug|Any CPU
		{012385CD-831C-429D-BD6E-7CA0C9F49ED5}.Release|Any CPU.ActiveCfg = Release|Any CPU
		{012385CD-831C-429D-BD6E-7CA0C9F49ED5}.Release|Any CPU.Build.0 = Release|Any CPU
		{5D5C7E39-45B2-4D05-9490-EB5B49B94F05}.Debug|Any CPU.ActiveCfg = Debug|Any CPU
		{5D5C7E39-45B2-4D05-9490-EB5B49B94F05}.Debug|Any CPU.Build.0 = Debug|Any CPU
		{5D5C7E39-45B2-4D05-9490-EB5B49B94F05}.Release|Any CPU.ActiveCfg = Release|Any CPU
		{5D5C7E39-45B2-4D05-9490-EB5B49B94F05}.Release|Any CPU.Build.0 = Release|Any CPU
		{9C81A147-1D74-4AC2-BE01-BC28ADD66F42}.Debug|Any CPU.ActiveCfg = Debug|Any CPU
		{9C81A147-1D74-4AC2-BE01-BC28ADD66F42}.Debug|Any CPU.Build.0 = Debug|Any CPU
		{9C81A147-1D74-4AC2-BE01-BC28ADD66F42}.Release|Any CPU.ActiveCfg = Release|Any CPU
		{9C81A147-1D74-4AC2-BE01-BC28ADD66F42}.Release|Any CPU.Build.0 = Release|Any CPU
	EndGlobalSection
	GlobalSection(SolutionProperties) = preSolution
		HideSolutionNode = FALSE
	EndGlobalSection
	GlobalSection(ExtensibilityGlobals) = postSolution
		SolutionGuid = {9CF24FA0-85B3-4349-A87B-66DF7A1D3428}
	EndGlobalSection
EndGlobal
